#
# This file is autogenerated by pip-compile with Python 3.12
# by the following command:
#
#    pip-compile --output-file=shared/python/requirements.lock shared/python/pyproject.toml
#
aiokafka==0.14.0
    # via cloudscale-shared (shared/python/pyproject.toml)
aiosqlite==0.22.1
    # via cloudscale-shared (shared/python/pyproject.toml)
alembic==1.18.5
    # via cloudscale-shared (shared/python/pyproject.toml)
annotated-doc==0.0.4
    # via fastapi
annotated-types==0.7.0
    # via pydantic
anyio==4.14.1
    # via
    #   starlette
    #   watchfiles
argon2-cffi==25.1.0
    # via cloudscale-shared (shared/python/pyproject.toml)
argon2-cffi-bindings==25.1.0
    # via argon2-cffi
asgiref==3.11.1
    # via opentelemetry-instrumentation-asgi
async-timeout==5.0.1
    # via aiokafka
asyncpg==0.31.0
    # via cloudscale-shared (shared/python/pyproject.toml)
bcrypt==5.0.0
    # via passlib
cffi==2.1.0
    # via
    #   argon2-cffi-bindings
    #   cryptography
click==8.4.2
    # via uvicorn
colorama==0.4.6
    # via click
cryptography==49.0.0
    # via pyjwt
fastapi==0.139.0
    # via cloudscale-shared (shared/python/pyproject.toml)
googleapis-common-protos==1.75.0
    # via opentelemetry-exporter-otlp-proto-grpc
greenlet==3.5.3
    # via sqlalchemy
grpcio==1.82.1
    # via
    #   cloudscale-shared (shared/python/pyproject.toml)
    #   grpcio-tools
    #   opentelemetry-exporter-otlp-proto-grpc
grpcio-tools==1.82.1
    # via cloudscale-shared (shared/python/pyproject.toml)
h11==0.16.0
    # via uvicorn
httptools==0.8.0
    # via uvicorn
idna==3.18
    # via anyio
mako==1.3.12
    # via alembic
markupsafe==3.0.3
    # via mako
opentelemetry-api==1.43.0
    # via
    #   cloudscale-shared (shared/python/pyproject.toml)
    #   opentelemetry-exporter-otlp-proto-grpc
    #   opentelemetry-instrumentation
    #   opentelemetry-instrumentation-asgi
    #   opentelemetry-instrumentation-fastapi
    #   opentelemetry-instrumentation-sqlalchemy
    #   opentelemetry-sdk
    #   opentelemetry-semantic-conventions
opentelemetry-exporter-otlp-proto-common==1.43.0
    # via opentelemetry-exporter-otlp-proto-grpc
opentelemetry-exporter-otlp-proto-grpc==1.43.0
    # via cloudscale-shared (shared/python/pyproject.toml)
opentelemetry-instrumentation==0.64b0
    # via
    #   opentelemetry-instrumentation-asgi
    #   opentelemetry-instrumentation-fastapi
    #   opentelemetry-instrumentation-sqlalchemy
opentelemetry-instrumentation-asgi==0.64b0
    # via opentelemetry-instrumentation-fastapi
opentelemetry-instrumentation-fastapi==0.64b0
    # via cloudscale-shared (shared/python/pyproject.toml)
opentelemetry-instrumentation-sqlalchemy==0.64b0
    # via cloudscale-shared (shared/python/pyproject.toml)
opentelemetry-proto==1.43.0
    # via
    #   opentelemetry-exporter-otlp-proto-common
    #   opentelemetry-exporter-otlp-proto-grpc
opentelemetry-sdk==1.43.0
    # via
    #   cloudscale-shared (shared/python/pyproject.toml)
    #   opentelemetry-exporter-otlp-proto-grpc
opentelemetry-semantic-conventions==0.64b0
    # via
    #   opentelemetry-instrumentation
    #   opentelemetry-instrumentation-asgi
    #   opentelemetry-instrumentation-fastapi
    #   opentelemetry-instrumentation-sqlalchemy
    #   opentelemetry-sdk
opentelemetry-util-http==0.64b0
    # via
    #   opentelemetry-instrumentation-asgi
    #   opentelemetry-instrumentation-fastapi
packaging==26.2
    # via
    #   aiokafka
    #   opentelemetry-instrumentation
    #   opentelemetry-instrumentation-sqlalchemy
passlib[bcrypt]==1.7.4
    # via cloudscale-shared (shared/python/pyproject.toml)
prometheus-client==0.25.0
    # via cloudscale-shared (shared/python/pyproject.toml)
protobuf==7.35.1
    # via
    #   googleapis-common-protos
    #   grpcio-tools
    #   opentelemetry-proto
pycparser==3.0
    # via cffi
pydantic==2.13.4
    # via
    #   cloudscale-shared (shared/python/pyproject.toml)
    #   fastapi
pydantic-core==2.46.4
    # via pydantic
pyjwt[crypto]==2.13.0
    # via cloudscale-shared (shared/python/pyproject.toml)
python-dotenv==1.2.2
    # via uvicorn
pyyaml==6.0.3
    # via uvicorn
redis==8.0.1
    # via cloudscale-shared (shared/python/pyproject.toml)
sqlalchemy[asyncio]==2.0.51
    # via
    #   alembic
    #   cloudscale-shared (shared/python/pyproject.toml)
starlette==1.3.1
    # via fastapi
structlog==26.1.0
    # via cloudscale-shared (shared/python/pyproject.toml)
typing-extensions==4.16.0
    # via
    #   aiokafka
    #   alembic
    #   anyio
    #   fastapi
    #   grpcio
    #   opentelemetry-api
    #   opentelemetry-exporter-otlp-proto-grpc
    #   opentelemetry-sdk
    #   opentelemetry-semantic-conventions
    #   pydantic
    #   pydantic-core
    #   sqlalchemy
    #   starlette
    #   typing-inspection
typing-inspection==0.4.2
    # via
    #   fastapi
    #   pydantic
uvicorn[standard]==0.51.0
    # via cloudscale-shared (shared/python/pyproject.toml)
watchfiles==1.2.0
    # via uvicorn
websockets==16.1
    # via uvicorn
wrapt==2.2.2
    # via
    #   opentelemetry-instrumentation
    #   opentelemetry-instrumentation-sqlalchemy

# The following packages are considered to be unsafe in a requirements file:
# setuptools
